
Microsoft Visual Studio Solution File, Format Version 12.00
# Visual Studio Version 16
VisualStudioVersion = 16.0.29215.179
MinimumVisualStudioVersion = 10.0.40219.1
Project("{9A19103F-16F7-4668-BE54-9A1E7A4F7556}") = "Profiler.TraceWriter.Serilog", "Profiler.TraceWriter.Serilog\Profiler.TraceWriter.Serilog.csproj", "{0A58D526-84CF-46E9-AA1F-7F33048E46FA}"
EndProject
Project("{9A19103F-16F7-4668-BE54-9A1E7A4F7556}") = "Profiler.TraceWriter.Serilog.ConsoleApp", "Profiler.TraceWriter.Serilog.ConsoleApp\Profiler.TraceWriter.Serilog.ConsoleApp.csproj", "{040ABF5C-92E7-4104-AF8E-1F9033AC8C1D}"
EndProject
Project("{FAE04EC0-301F-11D3-BF4B-00C04F79EFBC}") = "Profiler.ReportWriter.Serilog", "Profiler.ReportWriter.Serilog\Profiler.ReportWriter.Serilog.csproj", "{30A72683-A334-49E7-BFA6-84DD840943B7}"
EndProject
Project("{FAE04EC0-301F-11D3-BF4B-00C04F79EFBC}") = "Profiler.ReportWriter.Serilog.ConsoleApp", "Profiler.ReportWriter.Serilog.ConsoleApp\Profiler.ReportWriter.Serilog.ConsoleApp.csproj", "{4CA8730F-2D52-436A-AA25-931EFBE1EF83}"
EndProject
Global
	GlobalSection(SolutionConfigurationPlatforms) = preSolution
		Debug|Any CPU = Debug|Any CPU
		Release|Any CPU = Release|Any CPU
	EndGlobalSection
	GlobalSection(ProjectConfigurationPlatforms) = postSolution
		{0A58D526-84CF-46E9-AA1F-7F33048E46FA}.Debug|Any CPU.ActiveCfg = Debug|Any CPU
		{0A58D526-84CF-46E9-AA1F-7F33048E46FA}.Debug|Any CPU.Build.0 = Debug|Any CPU
		{0A58D526-84CF-46E9-AA1F-7F33048E46FA}.Release|Any CPU.ActiveCfg = Release|Any CPU
		{0A58D526-84CF-46E9-AA1F-7F33048E46FA}.Release|Any CPU.Build.0 = Release|Any CPU
		{040ABF5C-92E7-4104-AF8E-1F9033AC8C1D}.Debug|Any CPU.ActiveCfg = Debug|Any CPU
		{040ABF5C-92E7-4104-AF8E-1F9033AC8C1D}.Debug|Any CPU.Build.0 = Debug|Any CPU
		{040ABF5C-92E7-4104-AF8E-1F9033AC8C1D}.Release|Any CPU.ActiveCfg = Release|Any CPU
		{040ABF5C-92E7-4104-AF8E-1F9033AC8C1D}.Release|Any CPU.Build.0 = Release|Any CPU
		{30A72683-A334-49E7-BFA6-84DD840943B7}.Debug|Any CPU.ActiveCfg = Debug|Any CPU
		{30A72683-A334-49E7-BFA6-84DD840943B7}.Debug|Any CPU.Build.0 = Debug|Any CPU
		{30A72683-A334-49E7-BFA6-84DD840943B7}.Release|Any CPU.ActiveCfg = Release|Any CPU
		{30A72683-A334-49E7-BFA6-84DD840943B7}.Release|Any CPU.Build.0 = Release|Any CPU
		{4CA8730F-2D52-436A-AA25-931EFBE1EF83}.Debug|Any CPU.ActiveCfg = Debug|Any CPU
		{4CA8730F-2D52-436A-AA25-931EFBE1EF83}.Debug|Any CPU.Build.0 = Debug|Any CPU
		{4CA8730F-2D52-436A-AA25-931EFBE1EF83}.Release|Any CPU.ActiveCfg = Release|Any CPU
		{4CA8730F-2D52-436A-AA25-931EFBE1EF83}.Release|Any CPU.Build.0 = Release|Any CPU
	EndGlobalSection
	GlobalSection(SolutionProperties) = preSolution
		HideSolutionNode = FALSE
	EndGlobalSection
	GlobalSection(ExtensibilityGlobals) = postSolution
		SolutionGuid = {ADDD87B2-1589-4817-8F98-E5593DBFCC2B}
	EndGlobalSection
EndGlobal
